// !$*UTF8*$!
{
	archiveVersion = 1;
	classes = {
	};
	objectVersion = 50;
	objects = {

/* Begin PBXBuildFile section */
		103AC8AF6AF363796DA42E4E /* libPods-Notes.a in Frameworks */ = {isa = PBXBuildFile; fileRef = 8986DE1EEDC6033759BE98DF /* libPods-Notes.a */; };
		1224839122C6888900B402FA /* AppDelegate.swift in Sources */ = {isa = PBXBuildFile; fileRef = 1224839022C6888900B402FA /* AppDelegate.swift */; };
		1224839322C6888900B402FA /* ViewController.swift in Sources */ = {isa = PBXBuildFile; fileRef = 1224839222C6888900B402FA /* ViewController.swift */; };
		1224839622C6888900B402FA /* Main.storyboard in Resources */ = {isa = PBXBuildFile; fileRef = 1224839422C6888900B402FA /* Main.storyboard */; };
		1224839822C6888B00B402FA /* Assets.xcassets in Resources */ = {isa = PBXBuildFile; fileRef = 1224839722C6888B00B402FA /* Assets.xcassets */; };
		122483B722C6A9F900B402FA /* Note.swift in Sources */ = {isa = PBXBuildFile; fileRef = 122483B422C6A9F900B402FA /* Note.swift */; };
		122483B822C6A9F900B402FA /* FileNotebook.swift in Sources */ = {isa = PBXBuildFile; fileRef = 122483B522C6A9F900B402FA /* FileNotebook.swift */; };
		122483B922C6A9F900B402FA /* NoteExtensions.swift in Sources */ = {isa = PBXBuildFile; fileRef = 122483B622C6A9F900B402FA /* NoteExtensions.swift */; };
		127FE09F22CB97FD00BD8104 /* NotesTests.swift in Sources */ = {isa = PBXBuildFile; fileRef = 127FE09E22CB97FD00BD8104 /* NotesTests.swift */; };
		128F6D6B22CE93E600FD3F86 /* BoxFlag.swift in Sources */ = {isa = PBXBuildFile; fileRef = 128F6D6A22CE93E600FD3F86 /* BoxFlag.swift */; };
		12A2CCCB22DE25AD00F7EB06 /* GalleryCollectionView.swift in Sources */ = {isa = PBXBuildFile; fileRef = 12A2CCCA22DE25AD00F7EB06 /* GalleryCollectionView.swift */; };
		12A2CCCD22DE271C00F7EB06 /* GalleryCollectionViewCell.swift in Sources */ = {isa = PBXBuildFile; fileRef = 12A2CCCC22DE271C00F7EB06 /* GalleryCollectionViewCell.swift */; };
		12A2CCCF22DE28C800F7EB06 /* GalleryViewController.swift in Sources */ = {isa = PBXBuildFile; fileRef = 12A2CCCE22DE28C800F7EB06 /* GalleryViewController.swift */; };
		12A2CCD122DE4EEA00F7EB06 /* DetailImagesViewController.swift in Sources */ = {isa = PBXBuildFile; fileRef = 12A2CCD022DE4EEA00F7EB06 /* DetailImagesViewController.swift */; };
		12ABCE2A22DBBBA600AF1214 /* MyTableViewController.swift in Sources */ = {isa = PBXBuildFile; fileRef = 12ABCE2922DBBBA600AF1214 /* MyTableViewController.swift */; };
		12ABCE2D22DBC46E00AF1214 /* MyTableViewCell.swift in Sources */ = {isa = PBXBuildFile; fileRef = 12ABCE2B22DBC46E00AF1214 /* MyTableViewCell.swift */; };
		12ABCE2E22DBC46E00AF1214 /* MyTableViewCell.xib in Resources */ = {isa = PBXBuildFile; fileRef = 12ABCE2C22DBC46E00AF1214 /* MyTableViewCell.xib */; };
		12C3CD6922D3611E00B6E22C /* ColorPicker.swift in Sources */ = {isa = PBXBuildFile; fileRef = 12C3CD6822D3611E00B6E22C /* ColorPicker.swift */; };
		12C3CD6B22D36B9000B6E22C /* ColorPickerViewController.swift in Sources */ = {isa = PBXBuildFile; fileRef = 12C3CD6A22D36B9000B6E22C /* ColorPickerViewController.swift */; };
		12D79A0722D51495007384B6 /* CursorView.swift in Sources */ = {isa = PBXBuildFile; fileRef = 12D79A0622D51495007384B6 /* CursorView.swift */; };
		12E3ACF622CA36CD006A4921 /* LaunchScreen.storyboard in Resources */ = {isa = PBXBuildFile; fileRef = 12E3ACF522CA36CD006A4921 /* LaunchScreen.storyboard */; };
		926C20E4E8A09A89D81BF1F7 /* libPods-NotesTests.a in Frameworks */ = {isa = PBXBuildFile; fileRef = 2D8AB0C9C2F5E7C37D82CA89 /* libPods-NotesTests.a */; };
/* End PBXBuildFile section */

/* Begin PBXContainerItemProxy section */
		127FE0A122CB97FD00BD8104 /* PBXContainerItemProxy */ = {
			isa = PBXContainerItemProxy;
			containerPortal = 1224838522C6888900B402FA /* Project object */;
			proxyType = 1;
			remoteGlobalIDString = 1224838C22C6888900B402FA;
			remoteInfo = Notes;
		};
/* End PBXContainerItemProxy section */

/* Begin PBXFileReference section */
		0B2C6D0B5D435F2A58451A1C /* Pods-NotesTests.release.xcconfig */ = {isa = PBXFileReference; includeInIndex = 1; lastKnownFileType = text.xcconfig; name = "Pods-NotesTests.release.xcconfig"; path = "Target Support Files/Pods-NotesTests/Pods-NotesTests.release.xcconfig"; sourceTree = "<group>"; };
		1224838D22C6888900B402FA /* Notes.app */ = {isa = PBXFileReference; explicitFileType = wrapper.application; includeInIndex = 0; path = Notes.app; sourceTree = BUILT_PRODUCTS_DIR; };
		1224839022C6888900B402FA /* AppDelegate.swift */ = {isa = PBXFileReference; lastKnownFileType = sourcecode.swift; path = AppDelegate.swift; sourceTree = "<group>"; };
		1224839222C6888900B402FA /* ViewController.swift */ = {isa = PBXFileReference; lastKnownFileType = sourcecode.swift; path = ViewController.swift; sourceTree = "<group>"; };
		1224839522C6888900B402FA /* Base */ = {isa = PBXFileReference; lastKnownFileType = file.storyboard; name = Base; path = Base.lproj/Main.storyboard; sourceTree = "<group>"; };
		1224839722C6888B00B402FA /* Assets.xcassets */ = {isa = PBXFileReference; lastKnownFileType = folder.assetcatalog; path = Assets.xcassets; sourceTree = "<group>"; };
		1224839C22C6888B00B402FA /* Info.plist */ = {isa = PBXFileReference; lastKnownFileType = text.plist.xml; path = Info.plist; sourceTree = "<group>"; };
		122483B422C6A9F900B402FA /* Note.swift */ = {isa = PBXFileReference; fileEncoding = 4; lastKnownFileType = sourcecode.swift; path = Note.swift; sourceTree = "<group>"; };
		122483B522C6A9F900B402FA /* FileNotebook.swift */ = {isa = PBXFileReference; fileEncoding = 4; lastKnownFileType = sourcecode.swift; path = FileNotebook.swift; sourceTree = "<group>"; };
		122483B622C6A9F900B402FA /* NoteExtensions.swift */ = {isa = PBXFileReference; fileEncoding = 4; lastKnownFileType = sourcecode.swift; path = NoteExtensions.swift; sourceTree = "<group>"; };
		127FE09C22CB97FD00BD8104 /* NotesTests.xctest */ = {isa = PBXFileReference; explicitFileType = wrapper.cfbundle; includeInIndex = 0; path = NotesTests.xctest; sourceTree = BUILT_PRODUCTS_DIR; };
		127FE09E22CB97FD00BD8104 /* NotesTests.swift */ = {isa = PBXFileReference; lastKnownFileType = sourcecode.swift; path = NotesTests.swift; sourceTree = "<group>"; };
		127FE0A022CB97FD00BD8104 /* Info.plist */ = {isa = PBXFileReference; lastKnownFileType = text.plist.xml; path = Info.plist; sourceTree = "<group>"; };
		128F6D6A22CE93E600FD3F86 /* BoxFlag.swift */ = {isa = PBXFileReference; lastKnownFileType = sourcecode.swift; path = BoxFlag.swift; sourceTree = "<group>"; };
		12A2CCCA22DE25AD00F7EB06 /* GalleryCollectionView.swift */ = {isa = PBXFileReference; lastKnownFileType = sourcecode.swift; path = GalleryCollectionView.swift; sourceTree = "<group>"; };
		12A2CCCC22DE271C00F7EB06 /* GalleryCollectionViewCell.swift */ = {isa = PBXFileReference; lastKnownFileType = sourcecode.swift; path = GalleryCollectionViewCell.swift; sourceTree = "<group>"; };
		12A2CCCE22DE28C800F7EB06 /* GalleryViewController.swift */ = {isa = PBXFileReference; lastKnownFileType = sourcecode.swift; path = GalleryViewController.swift; sourceTree = "<group>"; };
		12A2CCD022DE4EEA00F7EB06 /* DetailImagesViewController.swift */ = {isa = PBXFileReference; lastKnownFileType = sourcecode.swift; path = DetailImagesViewController.swift; sourceTree = "<group>"; };
		12ABCE2922DBBBA600AF1214 /* MyTableViewController.swift */ = {isa = PBXFileReference; lastKnownFileType = sourcecode.swift; path = MyTableViewController.swift; sourceTree = "<group>"; };
		12ABCE2B22DBC46E00AF1214 /* MyTableViewCell.swift */ = {isa = PBXFileReference; lastKnownFileType = sourcecode.swift; path = MyTableViewCell.swift; sourceTree = "<group>"; };
		12ABCE2C22DBC46E00AF1214 /* MyTableViewCell.xib */ = {isa = PBXFileReference; lastKnownFileType = file.xib; path = MyTableViewCell.xib; sourceTree = "<group>"; };
		12C3CD6822D3611E00B6E22C /* ColorPicker.swift */ = {isa = PBXFileReference; lastKnownFileType = sourcecode.swift; path = ColorPicker.swift; sourceTree = "<group>"; };
		12C3CD6A22D36B9000B6E22C /* ColorPickerViewController.swift */ = {isa = PBXFileReference; lastKnownFileType = sourcecode.swift; path = ColorPickerViewController.swift; sourceTree = "<group>"; };
		12D79A0622D51495007384B6 /* CursorView.swift */ = {isa = PBXFileReference; lastKnownFileType = sourcecode.swift; path = CursorView.swift; sourceTree = "<group>"; };
		12E3ACF522CA36CD006A4921 /* LaunchScreen.storyboard */ = {isa = PBXFileReference; lastKnownFileType = file.storyboard; name = LaunchScreen.storyboard; path = Base.lproj/LaunchScreen.storyboard; sourceTree = "<group>"; };
		2D8AB0C9C2F5E7C37D82CA89 /* libPods-NotesTests.a */ = {isa = PBXFileReference; explicitFileType = archive.ar; includeInIndex = 0; path = "libPods-NotesTests.a"; sourceTree = BUILT_PRODUCTS_DIR; };
		4FBF4464F316ED336E57C76C /* Pods-Notes.debug.xcconfig */ = {isa = PBXFileReference; includeInIndex = 1; lastKnownFileType = text.xcconfig; name = "Pods-Notes.debug.xcconfig"; path = "Target Support Files/Pods-Notes/Pods-Notes.debug.xcconfig"; sourceTree = "<group>"; };
		5747EB698B05B29FF8BE3A1E /* Pods-Notes.release.xcconfig */ = {isa = PBXFileReference; includeInIndex = 1; lastKnownFileType = text.xcconfig; name = "Pods-Notes.release.xcconfig"; path = "Target Support Files/Pods-Notes/Pods-Notes.release.xcconfig"; sourceTree = "<group>"; };
		8986DE1EEDC6033759BE98DF /* libPods-Notes.a */ = {isa = PBXFileReference; explicitFileType = archive.ar; includeInIndex = 0; path = "libPods-Notes.a"; sourceTree = BUILT_PRODUCTS_DIR; };
		E323EBB45CFDB199946032E6 /* Pods-NotesTests.debug.xcconfig */ = {isa = PBXFileReference; includeInIndex = 1; lastKnownFileType = text.xcconfig; name = "Pods-NotesTests.debug.xcconfig"; path = "Target Support Files/Pods-NotesTests/Pods-NotesTests.debug.xcconfig"; sourceTree = "<group>"; };
/* End PBXFileReference section */

/* Begin PBXFrameworksBuildPhase section */
		1224838A22C6888900B402FA /* Frameworks */ = {
			isa = PBXFrameworksBuildPhase;
			buildActionMask = 2147483647;
			files = (
				103AC8AF6AF363796DA42E4E /* libPods-Notes.a in Frameworks */,
			);
			runOnlyForDeploymentPostprocessing = 0;
		};
		127FE09922CB97FD00BD8104 /* Frameworks */ = {
			isa = PBXFrameworksBuildPhase;
			buildActionMask = 2147483647;
			files = (
				926C20E4E8A09A89D81BF1F7 /* libPods-NotesTests.a in Frameworks */,
			);
			runOnlyForDeploymentPostprocessing = 0;
		};
/* End PBXFrameworksBuildPhase section */

/* Begin PBXGroup section */
		1224838422C6888900B402FA = {
			isa = PBXGroup;
			children = (
				1224838F22C6888900B402FA /* Notes */,
				127FE09D22CB97FD00BD8104 /* NotesTests */,
				1224838E22C6888900B402FA /* Products */,
				A9CF95E0DA2A8A96B993F474 /* Pods */,
				69F4F99813072D8561F43117 /* Frameworks */,
			);
			sourceTree = "<group>";
		};
		1224838E22C6888900B402FA /* Products */ = {
			isa = PBXGroup;
			children = (
				1224838D22C6888900B402FA /* Notes.app */,
				127FE09C22CB97FD00BD8104 /* NotesTests.xctest */,
			);
			name = Products;
			sourceTree = "<group>";
		};
		1224838F22C6888900B402FA /* Notes */ = {
			isa = PBXGroup;
			children = (
				122483B322C6A9F900B402FA /* Model */,
				1224839022C6888900B402FA /* AppDelegate.swift */,
				1224839222C6888900B402FA /* ViewController.swift */,
				1224839422C6888900B402FA /* Main.storyboard */,
				12E3ACF522CA36CD006A4921 /* LaunchScreen.storyboard */,
				1224839722C6888B00B402FA /* Assets.xcassets */,
				1224839C22C6888B00B402FA /* Info.plist */,
				128F6D6A22CE93E600FD3F86 /* BoxFlag.swift */,
				12C3CD6822D3611E00B6E22C /* ColorPicker.swift */,
				12C3CD6A22D36B9000B6E22C /* ColorPickerViewController.swift */,
				12D79A0622D51495007384B6 /* CursorView.swift */,
				12ABCE2922DBBBA600AF1214 /* MyTableViewController.swift */,
				12ABCE2B22DBC46E00AF1214 /* MyTableViewCell.swift */,
				12ABCE2C22DBC46E00AF1214 /* MyTableViewCell.xib */,
				12A2CCCA22DE25AD00F7EB06 /* GalleryCollectionView.swift */,
				12A2CCCC22DE271C00F7EB06 /* GalleryCollectionViewCell.swift */,
				12A2CCCE22DE28C800F7EB06 /* GalleryViewController.swift */,
				12A2CCD022DE4EEA00F7EB06 /* DetailImagesViewController.swift */,
			);
			path = Notes;
			sourceTree = "<group>";
		};
		122483B322C6A9F900B402FA /* Model */ = {
			isa = PBXGroup;
			children = (
				122483B422C6A9F900B402FA /* Note.swift */,
				122483B522C6A9F900B402FA /* FileNotebook.swift */,
				122483B622C6A9F900B402FA /* NoteExtensions.swift */,
			);
			path = Model;
			sourceTree = "<group>";
		};
		127FE09D22CB97FD00BD8104 /* NotesTests */ = {
			isa = PBXGroup;
			children = (
				127FE09E22CB97FD00BD8104 /* NotesTests.swift */,
				127FE0A022CB97FD00BD8104 /* Info.plist */,
			);
			path = NotesTests;
			sourceTree = "<group>";
		};
		69F4F99813072D8561F43117 /* Frameworks */ = {
			isa = PBXGroup;
			children = (
				8986DE1EEDC6033759BE98DF /* libPods-Notes.a */,
				2D8AB0C9C2F5E7C37D82CA89 /* libPods-NotesTests.a */,
			);
			name = Frameworks;
			sourceTree = "<group>";
		};
		A9CF95E0DA2A8A96B993F474 /* Pods */ = {
			isa = PBXGroup;
			children = (
				4FBF4464F316ED336E57C76C /* Pods-Notes.debug.xcconfig */,
				5747EB698B05B29FF8BE3A1E /* Pods-Notes.release.xcconfig */,
				E323EBB45CFDB199946032E6 /* Pods-NotesTests.debug.xcconfig */,
				0B2C6D0B5D435F2A58451A1C /* Pods-NotesTests.release.xcconfig */,
			);
			path = Pods;
			sourceTree = "<group>";
		};
/* End PBXGroup section */

/* Begin PBXNativeTarget section */
		1224838C22C6888900B402FA /* Notes */ = {
			isa = PBXNativeTarget;
			buildConfigurationList = 1224839F22C6888B00B402FA /* Build configuration list for PBXNativeTarget "Notes" */;
			buildPhases = (
				62560C261126B78617813E16 /* [CP] Check Pods Manifest.lock */,
				1224838922C6888900B402FA /* Sources */,
				1224838A22C6888900B402FA /* Frameworks */,
				1224838B22C6888900B402FA /* Resources */,
			);
			buildRules = (
			);
			dependencies = (
			);
			name = Notes;
			productName = Notes;
			productReference = 1224838D22C6888900B402FA /* Notes.app */;
			productType = "com.apple.product-type.application";
		};
		127FE09B22CB97FD00BD8104 /* NotesTests */ = {
			isa = PBXNativeTarget;
			buildConfigurationList = 127FE0A622CB97FD00BD8104 /* Build configuration list for PBXNativeTarget "NotesTests" */;
			buildPhases = (
				3FBEBFC2C4819E3DEB98AB5D /* [CP] Check Pods Manifest.lock */,
				127FE09822CB97FD00BD8104 /* Sources */,
				127FE09922CB97FD00BD8104 /* Frameworks */,
				127FE09A22CB97FD00BD8104 /* Resources */,
			);
			buildRules = (
			);
			dependencies = (
				127FE0A222CB97FD00BD8104 /* PBXTargetDependency */,
			);
			name = NotesTests;
			productName = NotesTests;
			productReference = 127FE09C22CB97FD00BD8104 /* NotesTests.xctest */;
			productType = "com.apple.product-type.bundle.unit-test";
		};
/* End PBXNativeTarget section */

/* Begin PBXProject section */
		1224838522C6888900B402FA /* Project object */ = {
			isa = PBXProject;
			attributes = {
				LastSwiftUpdateCheck = 1020;
				LastUpgradeCheck = 1010;
				ORGANIZATIONNAME = tianid;
				TargetAttributes = {
					1224838C22C6888900B402FA = {
						CreatedOnToolsVersion = 10.1;
					};
					127FE09B22CB97FD00BD8104 = {
						CreatedOnToolsVersion = 10.2.1;
						TestTargetID = 1224838C22C6888900B402FA;
					};
				};
			};
			buildConfigurationList = 1224838822C6888900B402FA /* Build configuration list for PBXProject "Notes" */;
			compatibilityVersion = "Xcode 9.3";
			developmentRegion = en;
			hasScannedForEncodings = 0;
			knownRegions = (
				en,
				Base,
			);
			mainGroup = 1224838422C6888900B402FA;
			productRefGroup = 1224838E22C6888900B402FA /* Products */;
			projectDirPath = "";
			projectRoot = "";
			targets = (
				1224838C22C6888900B402FA /* Notes */,
				127FE09B22CB97FD00BD8104 /* NotesTests */,
			);
		};
/* End PBXProject section */

/* Begin PBXResourcesBuildPhase section */
		1224838B22C6888900B402FA /* Resources */ = {
			isa = PBXResourcesBuildPhase;
			buildActionMask = 2147483647;
			files = (
				12E3ACF622CA36CD006A4921 /* LaunchScreen.storyboard in Resources */,
				12ABCE2E22DBC46E00AF1214 /* MyTableViewCell.xib in Resources */,
				1224839822C6888B00B402FA /* Assets.xcassets in Resources */,
				1224839622C6888900B402FA /* Main.storyboard in Resources */,
			);
			runOnlyForDeploymentPostprocessing = 0;
		};
		127FE09A22CB97FD00BD8104 /* Resources */ = {
			isa = PBXResourcesBuildPhase;
			buildActionMask = 2147483647;
			files = (
			);
			runOnlyForDeploymentPostprocessing = 0;
		};
/* End PBXResourcesBuildPhase section */

/* Begin PBXShellScriptBuildPhase section */
		3FBEBFC2C4819E3DEB98AB5D /* [CP] Check Pods Manifest.lock */ = {
			isa = PBXShellScriptBuildPhase;
			buildActionMask = 2147483647;
			files = (
			);
			inputFileListPaths = (
			);
			inputPaths = (
				"${PODS_PODFILE_DIR_PATH}/Podfile.lock",
				"${PODS_ROOT}/Manifest.lock",
			);
			name = "[CP] Check Pods Manifest.lock";
			outputFileListPaths = (
			);
			outputPaths = (
				"$(DERIVED_FILE_DIR)/Pods-NotesTests-checkManifestLockResult.txt",
			);
			runOnlyForDeploymentPostprocessing = 0;
			shellPath = /bin/sh;
			shellScript = "diff \"${PODS_PODFILE_DIR_PATH}/Podfile.lock\" \"${PODS_ROOT}/Manifest.lock\" > /dev/null\nif [ $? != 0 ] ; then\n    # print error to STDERR\n    echo \"error: The sandbox is not in sync with the Podfile.lock. Run 'pod install' or update your CocoaPods installation.\" >&2\n    exit 1\nfi\n# This output is used by Xcode 'outputs' to avoid re-running this script phase.\necho \"SUCCESS\" > \"${SCRIPT_OUTPUT_FILE_0}\"\n";
			showEnvVarsInLog = 0;
		};
		62560C261126B78617813E16 /* [CP] Check Pods Manifest.lock */ = {
			isa = PBXShellScriptBuildPhase;
			buildActionMask = 2147483647;
			files = (
			);
			inputFileListPaths = (
			);
			inputPaths = (
				"${PODS_PODFILE_DIR_PATH}/Podfile.lock",
				"${PODS_ROOT}/Manifest.lock",
			);
			name = "[CP] Check Pods Manifest.lock";
			outputFileListPaths = (
			);
			outputPaths = (
				"$(DERIVED_FILE_DIR)/Pods-Notes-checkManifestLockResult.txt",
			);
			runOnlyForDeploymentPostprocessing = 0;
			shellPath = /bin/sh;
			shellScript = "diff \"${PODS_PODFILE_DIR_PATH}/Podfile.lock\" \"${PODS_ROOT}/Manifest.lock\" > /dev/null\nif [ $? != 0 ] ; then\n    # print error to STDERR\n    echo \"error: The sandbox is not in sync with the Podfile.lock. Run 'pod install' or update your CocoaPods installation.\" >&2\n    exit 1\nfi\n# This output is used by Xcode 'outputs' to avoid re-running this script phase.\necho \"SUCCESS\" > \"${SCRIPT_OUTPUT_FILE_0}\"\n";
			showEnvVarsInLog = 0;
		};
/* End PBXShellScriptBuildPhase section */

/* Begin PBXSourcesBuildPhase section */
		1224838922C6888900B402FA /* Sources */ = {
			isa = PBXSourcesBuildPhase;
			buildActionMask = 2147483647;
			files = (
				1224839322C6888900B402FA /* ViewController.swift in Sources */,
				12A2CCCF22DE28C800F7EB06 /* GalleryViewController.swift in Sources */,
				1224839122C6888900B402FA /* AppDelegate.swift in Sources */,
				12C3CD6B22D36B9000B6E22C /* ColorPickerViewController.swift in Sources */,
				12ABCE2D22DBC46E00AF1214 /* MyTableViewCell.swift in Sources */,
				12C3CD6922D3611E00B6E22C /* ColorPicker.swift in Sources */,
				12A2CCCB22DE25AD00F7EB06 /* GalleryCollectionView.swift in Sources */,
				12ABCE2A22DBBBA600AF1214 /* MyTableViewController.swift in Sources */,
				122483B922C6A9F900B402FA /* NoteExtensions.swift in Sources */,
				12A2CCD122DE4EEA00F7EB06 /* DetailImagesViewController.swift in Sources */,
				122483B822C6A9F900B402FA /* FileNotebook.swift in Sources */,
				122483B722C6A9F900B402FA /* Note.swift in Sources */,
				128F6D6B22CE93E600FD3F86 /* BoxFlag.swift in Sources */,
				12A2CCCD22DE271C00F7EB06 /* GalleryCollectionViewCell.swift in Sources */,
				12D79A0722D51495007384B6 /* CursorView.swift in Sources */,
			);
			runOnlyForDeploymentPostprocessing = 0;
		};
		127FE09822CB97FD00BD8104 /* Sources */ = {
			isa = PBXSourcesBuildPhase;
			buildActionMask = 2147483647;
			files = (
				127FE09F22CB97FD00BD8104 /* NotesTests.swift in Sources */,
			);
			runOnlyForDeploymentPostprocessing = 0;
		};
/* End PBXSourcesBuildPhase section */

/* Begin PBXTargetDependency section */
		127FE0A222CB97FD00BD8104 /* PBXTargetDependency */ = {
			isa = PBXTargetDependency;
			target = 1224838C22C6888900B402FA /* Notes */;
			targetProxy = 127FE0A122CB97FD00BD8104 /* PBXContainerItemProxy */;
		};
/* End PBXTargetDependency section */

/* Begin PBXVariantGroup section */
		1224839422C6888900B402FA /* Main.storyboard */ = {
			isa = PBXVariantGroup;
			children = (
				1224839522C6888900B402FA /* Base */,
			);
			name = Main.storyboard;
			sourceTree = "<group>";
		};
/* End PBXVariantGroup section */

/* Begin XCBuildConfiguration section */
		1224839D22C6888B00B402FA /* Debug */ = {
			isa = XCBuildConfiguration;
			buildSettings = {
				ALWAYS_SEARCH_USER_PATHS = NO;
				CLANG_ANALYZER_NONNULL = YES;
				CLANG_ANALYZER_NUMBER_OBJECT_CONVERSION = YES_AGGRESSIVE;
				CLANG_CXX_LANGUAGE_STANDARD = "gnu++14";
				CLANG_CXX_LIBRARY = "libc++";
				CLANG_ENABLE_MODULES = YES;
				CLANG_ENABLE_OBJC_ARC = YES;
				CLANG_ENABLE_OBJC_WEAK = YES;
				CLANG_WARN_BLOCK_CAPTURE_AUTORELEASING = YES;
				CLANG_WARN_BOOL_CONVERSION = YES;
				CLANG_WARN_COMMA = YES;
				CLANG_WARN_CONSTANT_CONVERSION = YES;
				CLANG_WARN_DEPRECATED_OBJC_IMPLEMENTATIONS = YES;
				CLANG_WARN_DIRECT_OBJC_ISA_USAGE = YES_ERROR;
				CLANG_WARN_DOCUMENTATION_COMMENTS = YES;
				CLANG_WARN_EMPTY_BODY = YES;
				CLANG_WARN_ENUM_CONVERSION = YES;
				CLANG_WARN_INFINITE_RECURSION = YES;
				CLANG_WARN_INT_CONVERSION = YES;
				CLANG_WARN_NON_LITERAL_NULL_CONVERSION = YES;
				CLANG_WARN_OBJC_IMPLICIT_RETAIN_SELF = YES;
				CLANG_WARN_OBJC_LITERAL_CONVERSION = YES;
				CLANG_WARN_OBJC_ROOT_CLASS = YES_ERROR;
				CLANG_WARN_RANGE_LOOP_ANALYSIS = YES;
				CLANG_WARN_STRICT_PROTOTYPES = YES;
				CLANG_WARN_SUSPICIOUS_MOVE = YES;
				CLANG_WARN_UNGUARDED_AVAILABILITY = YES_AGGRESSIVE;
				CLANG_WARN_UNREACHABLE_CODE = YES;
				CLANG_WARN__DUPLICATE_METHOD_MATCH = YES;
				CODE_SIGN_IDENTITY = "iPhone Developer";
				COPY_PHASE_STRIP = NO;
				DEBUG_INFORMATION_FORMAT = dwarf;
				ENABLE_STRICT_OBJC_MSGSEND = YES;
				ENABLE_TESTABILITY = YES;
				GCC_C_LANGUAGE_STANDARD = gnu11;
				GCC_DYNAMIC_NO_PIC = NO;
				GCC_NO_COMMON_BLOCKS = YES;
				GCC_OPTIMIZATION_LEVEL = 0;
				GCC_PREPROCESSOR_DEFINITIONS = (
					"DEBUG=1",
					"$(inherited)",
				);
				GCC_WARN_64_TO_32_BIT_CONVERSION = YES;
				GCC_WARN_ABOUT_RETURN_TYPE = YES_ERROR;
				GCC_WARN_UNDECLARED_SELECTOR = YES;
				GCC_WARN_UNINITIALIZED_AUTOS = YES_AGGRESSIVE;
				GCC_WARN_UNUSED_FUNCTION = YES;
				GCC_WARN_UNUSED_VARIABLE = YES;
				IPHONEOS_DEPLOYMENT_TARGET = 12.1;
				MTL_ENABLE_DEBUG_INFO = INCLUDE_SOURCE;
				MTL_FAST_MATH = YES;
				ONLY_ACTIVE_ARCH = YES;
				OTHER_SWIFT_FLAGS = "";
				SDKROOT = iphoneos;
				SWIFT_ACTIVE_COMPILATION_CONDITIONS = DEBUG;
				SWIFT_OPTIMIZATION_LEVEL = "-Onone";
				SWIFT_VERSION = 5.0;
			};
			name = Debug;
		};
		1224839E22C6888B00B402FA /* Release */ = {
			isa = XCBuildConfiguration;
			buildSettings = {
				ALWAYS_SEARCH_USER_PATHS = NO;
				CLANG_ANALYZER_NONNULL = YES;
				CLANG_ANALYZER_NUMBER_OBJECT_CONVERSION = YES_AGGRESSIVE;
				CLANG_CXX_LANGUAGE_STANDARD = "gnu++14";
				CLANG_CXX_LIBRARY = "libc++";
				CLANG_ENABLE_MODULES = YES;
				CLANG_ENABLE_OBJC_ARC = YES;
				CLANG_ENABLE_OBJC_WEAK = YES;
				CLANG_WARN_BLOCK_CAPTURE_AUTORELEASING = YES;
				CLANG_WARN_BOOL_CONVERSION = YES;
				CLANG_WARN_COMMA = YES;
				CLANG_WARN_CONSTANT_CONVERSION = YES;
				CLANG_WARN_DEPRECATED_OBJC_IMPLEMENTATIONS = YES;
				CLANG_WARN_DIRECT_OBJC_ISA_USAGE = YES_ERROR;
				CLANG_WARN_DOCUMENTATION_COMMENTS = YES;
				CLANG_WARN_EMPTY_BODY = YES;
				CLANG_WARN_ENUM_CONVERSION = YES;
				CLANG_WARN_INFINITE_RECURSION = YES;
				CLANG_WARN_INT_CONVERSION = YES;
				CLANG_WARN_NON_LITERAL_NULL_CONVERSION = YES;
				CLANG_WARN_OBJC_IMPLICIT_RETAIN_SELF = YES;
				CLANG_WARN_OBJC_LITERAL_CONVERSION = YES;
				CLANG_WARN_OBJC_ROOT_CLASS = YES_ERROR;
				CLANG_WARN_RANGE_LOOP_ANALYSIS = YES;
				CLANG_WARN_STRICT_PROTOTYPES = YES;
				CLANG_WARN_SUSPICIOUS_MOVE = YES;
				CLANG_WARN_UNGUARDED_AVAILABILITY = YES_AGGRESSIVE;
				CLANG_WARN_UNREACHABLE_CODE = YES;
				CLANG_WARN__DUPLICATE_METHOD_MATCH = YES;
				CODE_SIGN_IDENTITY = "iPhone Developer";
				COPY_PHASE_STRIP = NO;
				DEBUG_INFORMATION_FORMAT = "dwarf-with-dsym";
				ENABLE_NS_ASSERTIONS = NO;
				ENABLE_STRICT_OBJC_MSGSEND = YES;
				GCC_C_LANGUAGE_STANDARD = gnu11;
				GCC_NO_COMMON_BLOCKS = YES;
				GCC_WARN_64_TO_32_BIT_CONVERSION = YES;
				GCC_WARN_ABOUT_RETURN_TYPE = YES_ERROR;
				GCC_WARN_UNDECLARED_SELECTOR = YES;
				GCC_WARN_UNINITIALIZED_AUTOS = YES_AGGRESSIVE;
				GCC_WARN_UNUSED_FUNCTION = YES;
				GCC_WARN_UNUSED_VARIABLE = YES;
				IPHONEOS_DEPLOYMENT_TARGET = 12.1;
				MTL_ENABLE_DEBUG_INFO = NO;
				MTL_FAST_MATH = YES;
				OTHER_SWIFT_FLAGS = "";
				SDKROOT = iphoneos;
				SWIFT_COMPILATION_MODE = wholemodule;
				SWIFT_OPTIMIZATION_LEVEL = "-O";
				SWIFT_VERSION = 5.0;
				VALIDATE_PRODUCT = YES;
			};
			name = Release;
		};
		122483A022C6888B00B402FA /* Debug */ = {
			isa = XCBuildConfiguration;
			baseConfigurationReference = 4FBF4464F316ED336E57C76C /* Pods-Notes.debug.xcconfig */;
			buildSettings = {
				ASSETCATALOG_COMPILER_APPICON_NAME = AppIcon;
				ASSETCATALOG_COMPILER_LAUNCHIMAGE_NAME = LaunchImage;
				CODE_SIGN_STYLE = Automatic;
				DEVELOPMENT_TEAM = GY259TWT8G;
				INFOPLIST_FILE = Notes/Info.plist;
				LD_RUNPATH_SEARCH_PATHS = (
					"$(inherited)",
					"@executable_path/Frameworks",
				);
				PRODUCT_BUNDLE_IDENTIFIER = tianid.Notes;
				PRODUCT_NAME = "$(TARGET_NAME)";
				SWIFT_VERSION = 5.0;
				TARGETED_DEVICE_FAMILY = 1;
			};
			name = Debug;
		};
		122483A122C6888B00B402FA /* Release */ = {
			isa = XCBuildConfiguration;
			baseConfigurationReference = 5747EB698B05B29FF8BE3A1E /* Pods-Notes.release.xcconfig */;
			buildSettings = {
				ASSETCATALOG_COMPILER_APPICON_NAME = AppIcon;
				ASSETCATALOG_COMPILER_LAUNCHIMAGE_NAME = LaunchImage;
				CODE_SIGN_STYLE = Automatic;
				DEVELOPMENT_TEAM = GY259TWT8G;
				INFOPLIST_FILE = Notes/Info.plist;
				LD_RUNPATH_SEARCH_PATHS = (
					"$(inherited)",
					"@executable_path/Frameworks",
				);
				PRODUCT_BUNDLE_IDENTIFIER = tianid.Notes;
				PRODUCT_NAME = "$(TARGET_NAME)";
				SWIFT_VERSION = 5.0;
				TARGETED_DEVICE_FAMILY = 1;
			};
			name = Release;
		};
		127FE0A322CB97FD00BD8104 /* Debug */ = {
			isa = XCBuildConfiguration;
			baseConfigurationReference = E323EBB45CFDB199946032E6 /* Pods-NotesTests.debug.xcconfig */;
			buildSettings = {
				BUNDLE_LOADER = "$(TEST_HOST)";
				CODE_SIGN_STYLE = Automatic;
				INFOPLIST_FILE = NotesTests/Info.plist;
				IPHONEOS_DEPLOYMENT_TARGET = 12.2;
				LD_RUNPATH_SEARCH_PATHS = (
					"$(inherited)",
					"@executable_path/Frameworks",
					"@loader_path/Frameworks",
				);
				PRODUCT_BUNDLE_IDENTIFIER = Tianid.NotesTests;
				PRODUCT_NAME = "$(TARGET_NAME)";
				SWIFT_VERSION = 5.0;
				TARGETED_DEVICE_FAMILY = "1,2";
				TEST_HOST = "$(BUILT_PRODUCTS_DIR)/Notes.app/Notes";
			};
			name = Debug;
		};
		127FE0A422CB97FD00BD8104 /* Release */ = {
			isa = XCBuildConfiguration;
			baseConfigurationReference = 0B2C6D0B5D435F2A58451A1C /* Pods-NotesTests.release.xcconfig */;
			buildSettings = {
				BUNDLE_LOADER = "$(TEST_HOST)";
				CODE_SIGN_STYLE = Automatic;
				INFOPLIST_FILE = NotesTests/Info.plist;
				IPHONEOS_DEPLOYMENT_TARGET = 12.2;
				LD_RUNPATH_SEARCH_PATHS = (
					"$(inherited)",
					"@executable_path/Frameworks",
					"@loader_path/Frameworks",
				);
				PRODUCT_BUNDLE_IDENTIFIER = Tianid.NotesTests;
				PRODUCT_NAME = "$(TARGET_NAME)";
				SWIFT_VERSION = 5.0;
				TARGETED_DEVICE_FAMILY = "1,2";
				TEST_HOST = "$(BUILT_PRODUCTS_DIR)/Notes.app/Notes";
			};
			name = Release;
		};
/* End XCBuildConfiguration section */

/* Begin XCConfigurationList section */
		1224838822C6888900B402FA /* Build configuration list for PBXProject "Notes" */ = {
			isa = XCConfigurationList;
			buildConfigurations = (
				1224839D22C6888B00B402FA /* Debug */,
				1224839E22C6888B00B402FA /* Release */,
			);
			defaultConfigurationIsVisible = 0;
			defaultConfigurationName = Release;
		};
		1224839F22C6888B00B402FA /* Build configuration list for PBXNativeTarget "Notes" */ = {
			isa = XCConfigurationList;
			buildConfigurations = (
				122483A022C6888B00B402FA /* Debug */,
				122483A122C6888B00B402FA /* Release */,
			);
			defaultConfigurationIsVisible = 0;
			defaultConfigurationName = Release;
		};
		127FE0A622CB97FD00BD8104 /* Build configuration list for PBXNativeTarget "NotesTests" */ = {
			isa = XCConfigurationList;
			buildConfigurations = (
				127FE0A322CB97FD00BD8104 /* Debug */,
				127FE0A422CB97FD00BD8104 /* Release */,
			);
			defaultConfigurationIsVisible = 0;
			defaultConfigurationName = Release;
		};
/* End XCConfigurationList section */
	};
	rootObject = 1224838522C6888900B402FA /* Project object */;
}
